# This file is autogenerated, do not edit; changes may be undone by the next 'dep ensure'.


[[projects]]
  branch = "master"
  name = "github.com/gofinance/ib"
  packages = ["."]
  revision = "6a7597294a42ead1abbd2701ea7de128fdbf5232"

[solve-meta]
  analyzer-name = "dep"
  analyzer-version = 1
  inputs-digest = "6ed9f49856f84872bcab2d33e85dc93382296ec1986d363ffb1d3cb2657e19ad"
  solver-name = "gps-cdcl"
  solver-version = 1
